
Microsoft Visual Studio Solution File, Format Version 12.00
# Visual Studio Version 16
VisualStudioVersion = 16.0.31702.278
MinimumVisualStudioVersion = 10.0.40219.1
Project("{FAE04EC0-301F-11D3-BF4B-00C04F79EFBC}") = "mypro", "mypro\mypro.csproj", "{829C2807-6043-417C-B28D-14A52D74C8D8}"
EndProject
Global
	GlobalSection(SolutionConfigurationPlatforms) = preSolution
		Debug|Any CPU = Debug|Any CPU
		Release|Any CPU = Release|Any CPU
	EndGlobalSection
	GlobalSection(ProjectConfigurationPlatforms) = postSolution
		{829C2807-6043-417C-B28D-14A52D74C8D8}.Debug|Any CPU.ActiveCfg = Debug|Any CPU
		{829C2807-6043-417C-B28D-14A52D74C8D8}.Debug|Any CPU.Build.0 = Debug|Any CPU
		{829C2807-6043-417C-B28D-14A52D74C8D8}.Release|Any CPU.ActiveCfg = Release|Any CPU
		{829C2807-6043-417C-B28D-14A52D74C8D8}.Release|Any CPU.Build.0 = Release|Any CPU
	EndGlobalSection
	GlobalSection(SolutionProperties) = preSolution
		HideSolutionNode = FALSE
	EndGlobalSection
	GlobalSection(ExtensibilityGlobals) = postSolution
		SolutionGuid = {9AEA60EF-24CD-4C5F-AD89-E61E6BE58FB6}
	EndGlobalSection
EndGlobal
